
Microsoft Visual Studio Solution File, Format Version 12.00
# Visual Studio 2012
Project("{FAE04EC0-301F-11D3-BF4B-00C04F79EFBC}") = "Models", "Models\Models.csproj", "{2C0466C0-89E0-4184-B528-8A8280C11F10}"
EndProject
Project("{FAE04EC0-301F-11D3-BF4B-00C04F79EFBC}") = "AuthenticationLibrary", "AuthenticationLibrary\AuthenticationLibrary.csproj", "{F71F686C-909C-4EF8-BBA1-A7D7CB392E93}"
EndProject
Project("{2150E333-8FDC-42A3-9474-1A3956D46DE8}") = ".nuget", ".nuget", "{0C2B6F94-1CBB-4A04-92DD-B62E253510B5}"
	ProjectSection(SolutionItems) = preProject
		.nuget\NuGet.Config = .nuget\NuGet.Config
		.nuget\NuGet.exe = .nuget\NuGet.exe
		.nuget\NuGet.targets = .nuget\NuGet.targets
	EndProjectSection
EndProject
Project("{FAE04EC0-301F-11D3-BF4B-00C04F79EFBC}") = "ProfileLibrary", "ProfileLibrary\ProfileLibrary.csproj", "{89BFE6AE-A301-4D15-AD10-AF6619C4DD71}"
EndProject
Project("{FAE04EC0-301F-11D3-BF4B-00C04F79EFBC}") = "TesterApp", "TesterApp\TesterApp.csproj", "{A68906D0-3EC1-4C20-B36C-73B2F64E9406}"
EndProject
Global
	GlobalSection(SolutionConfigurationPlatforms) = preSolution
		Debug|Any CPU = Debug|Any CPU
		Debug|ARM = Debug|ARM
		Debug|x86 = Debug|x86
		Release|Any CPU = Release|Any CPU
		Release|ARM = Release|ARM
		Release|x86 = Release|x86
	EndGlobalSection
	GlobalSection(ProjectConfigurationPlatforms) = postSolution
		{2C0466C0-89E0-4184-B528-8A8280C11F10}.Debug|Any CPU.ActiveCfg = Debug|Any CPU
		{2C0466C0-89E0-4184-B528-8A8280C11F10}.Debug|Any CPU.Build.0 = Debug|Any CPU
		{2C0466C0-89E0-4184-B528-8A8280C11F10}.Debug|ARM.ActiveCfg = Debug|ARM
		{2C0466C0-89E0-4184-B528-8A8280C11F10}.Debug|ARM.Build.0 = Debug|ARM
		{2C0466C0-89E0-4184-B528-8A8280C11F10}.Debug|x86.ActiveCfg = Debug|x86
		{2C0466C0-89E0-4184-B528-8A8280C11F10}.Debug|x86.Build.0 = Debug|x86
		{2C0466C0-89E0-4184-B528-8A8280C11F10}.Release|Any CPU.ActiveCfg = Release|Any CPU
		{2C0466C0-89E0-4184-B528-8A8280C11F10}.Release|Any CPU.Build.0 = Release|Any CPU
		{2C0466C0-89E0-4184-B528-8A8280C11F10}.Release|ARM.ActiveCfg = Release|ARM
		{2C0466C0-89E0-4184-B528-8A8280C11F10}.Release|ARM.Build.0 = Release|ARM
		{2C0466C0-89E0-4184-B528-8A8280C11F10}.Release|x86.ActiveCfg = Release|x86
		{2C0466C0-89E0-4184-B528-8A8280C11F10}.Release|x86.Build.0 = Release|x86
		{F71F686C-909C-4EF8-BBA1-A7D7CB392E93}.Debug|Any CPU.ActiveCfg = Debug|Any CPU
		{F71F686C-909C-4EF8-BBA1-A7D7CB392E93}.Debug|Any CPU.Build.0 = Debug|Any CPU
		{F71F686C-909C-4EF8-BBA1-A7D7CB392E93}.Debug|ARM.ActiveCfg = Debug|ARM
		{F71F686C-909C-4EF8-BBA1-A7D7CB392E93}.Debug|ARM.Build.0 = Debug|ARM
		{F71F686C-909C-4EF8-BBA1-A7D7CB392E93}.Debug|x86.ActiveCfg = Debug|x86
		{F71F686C-909C-4EF8-BBA1-A7D7CB392E93}.Debug|x86.Build.0 = Debug|x86
		{F71F686C-909C-4EF8-BBA1-A7D7CB392E93}.Release|Any CPU.ActiveCfg = Release|Any CPU
		{F71F686C-909C-4EF8-BBA1-A7D7CB392E93}.Release|Any CPU.Build.0 = Release|Any CPU
		{F71F686C-909C-4EF8-BBA1-A7D7CB392E93}.Release|ARM.ActiveCfg = Release|ARM
		{F71F686C-909C-4EF8-BBA1-A7D7CB392E93}.Release|ARM.Build.0 = Release|ARM
		{F71F686C-909C-4EF8-BBA1-A7D7CB392E93}.Release|x86.ActiveCfg = Release|x86
		{F71F686C-909C-4EF8-BBA1-A7D7CB392E93}.Release|x86.Build.0 = Release|x86
		{89BFE6AE-A301-4D15-AD10-AF6619C4DD71}.Debug|Any CPU.ActiveCfg = Debug|Any CPU
		{89BFE6AE-A301-4D15-AD10-AF6619C4DD71}.Debug|Any CPU.Build.0 = Debug|Any CPU
		{89BFE6AE-A301-4D15-AD10-AF6619C4DD71}.Debug|ARM.ActiveCfg = Debug|ARM
		{89BFE6AE-A301-4D15-AD10-AF6619C4DD71}.Debug|ARM.Build.0 = Debug|ARM
		{89BFE6AE-A301-4D15-AD10-AF6619C4DD71}.Debug|x86.ActiveCfg = Debug|x86
		{89BFE6AE-A301-4D15-AD10-AF6619C4DD71}.Debug|x86.Build.0 = Debug|x86
		{89BFE6AE-A301-4D15-AD10-AF6619C4DD71}.Release|Any CPU.ActiveCfg = Release|Any CPU
		{89BFE6AE-A301-4D15-AD10-AF6619C4DD71}.Release|Any CPU.Build.0 = Release|Any CPU
		{89BFE6AE-A301-4D15-AD10-AF6619C4DD71}.Release|ARM.ActiveCfg = Release|ARM
		{89BFE6AE-A301-4D15-AD10-AF6619C4DD71}.Release|ARM.Build.0 = Release|ARM
		{89BFE6AE-A301-4D15-AD10-AF6619C4DD71}.Release|x86.ActiveCfg = Release|x86
		{89BFE6AE-A301-4D15-AD10-AF6619C4DD71}.Release|x86.Build.0 = Release|x86
		{A68906D0-3EC1-4C20-B36C-73B2F64E9406}.Debug|Any CPU.ActiveCfg = Debug|Any CPU
		{A68906D0-3EC1-4C20-B36C-73B2F64E9406}.Debug|Any CPU.Build.0 = Debug|Any CPU
		{A68906D0-3EC1-4C20-B36C-73B2F64E9406}.Debug|Any CPU.Deploy.0 = Debug|Any CPU
		{A68906D0-3EC1-4C20-B36C-73B2F64E9406}.Debug|ARM.ActiveCfg = Debug|ARM
		{A68906D0-3EC1-4C20-B36C-73B2F64E9406}.Debug|ARM.Build.0 = Debug|ARM
		{A68906D0-3EC1-4C20-B36C-73B2F64E9406}.Debug|ARM.Deploy.0 = Debug|ARM
		{A68906D0-3EC1-4C20-B36C-73B2F64E9406}.Debug|x86.ActiveCfg = Debug|x86
		{A68906D0-3EC1-4C20-B36C-73B2F64E9406}.Debug|x86.Build.0 = Debug|x86
		{A68906D0-3EC1-4C20-B36C-73B2F64E9406}.Debug|x86.Deploy.0 = Debug|x86
		{A68906D0-3EC1-4C20-B36C-73B2F64E9406}.Release|Any CPU.ActiveCfg = Release|Any CPU
		{A68906D0-3EC1-4C20-B36C-73B2F64E9406}.Release|Any CPU.Build.0 = Release|Any CPU
		{A68906D0-3EC1-4C20-B36C-73B2F64E9406}.Release|Any CPU.Deploy.0 = Release|Any CPU
		{A68906D0-3EC1-4C20-B36C-73B2F64E9406}.Release|ARM.ActiveCfg = Release|ARM
		{A68906D0-3EC1-4C20-B36C-73B2F64E9406}.Release|ARM.Build.0 = Release|ARM
		{A68906D0-3EC1-4C20-B36C-73B2F64E9406}.Release|ARM.Deploy.0 = Release|ARM
		{A68906D0-3EC1-4C20-B36C-73B2F64E9406}.Release|x86.ActiveCfg = Release|x86
		{A68906D0-3EC1-4C20-B36C-73B2F64E9406}.Release|x86.Build.0 = Release|x86
		{A68906D0-3EC1-4C20-B36C-73B2F64E9406}.Release|x86.Deploy.0 = Release|x86
	EndGlobalSection
	GlobalSection(SolutionProperties) = preSolution
		HideSolutionNode = FALSE
	EndGlobalSection
EndGlobal
